<Solution>
  <Folder Name="/src/">
    <Project Path="src/Catalog.API/Catalog.API.csproj" />
    <Project Path="src/eShop.ServiceDefaults/eShop.ServiceDefaults.csproj" />
    <Project Path="src/EventBus/EventBus.csproj" />
    <Project Path="src/EventBusRabbitMQ/EventBusRabbitMQ.csproj" />
    <Project Path="src/IntegrationEventLogEF/IntegrationEventLogEF.csproj" />
    <Project Path="src/Ordering.API/Ordering.API.csproj" />
    <Project Path="src/OrderProcessor/OrderProcessor.csproj" />
    <Project Path="src/Ordering.Domain/Ordering.Domain.csproj" />
    <Project Path="src/Ordering.Infrastructure/Ordering.Infrastructure.csproj" />

  </Folder>
  <Folder Name="/tests/">

    <Project Path="tests/Ordering.UnitTests/Ordering.UnitTests.csproj" />
  </Folder>
  <Folder Name="/Solution Items/">
    <File Path=".editorconfig" />
    <File Path="Directory.Packages.props" />
    <File Path="NuGet.config" />
    <File Path="README.md" />
  </Folder>
</Solution>
